{
  "version": 4,
  "terraform_version": "1.5.7",
  "serial": 22,
  "lineage": "7536e824-af73-6b63-bea1-572a42a11dc3",
  "outputs": {},
  "resources": [
    {
      "mode": "managed",
      "type": "google_bigquery_dataset",
      "name": "demo_dataset",
      "provider": "provider[\"registry.terraform.io/hashicorp/google\"]",
      "instances": [
        {
          "schema_version": 0,
          "attributes": {
            "access": [
              {
                "condition": [],
                "dataset": [],
                "domain": null,
                "group_by_email": null,
                "iam_member": null,
                "role": "roles/bigquery.dataOwner",
                "routine": [],
                "special_group": null,
                "user_by_email": "bq-terraform-owner@myorg-cloudai-gcp1722.iam.gserviceaccount.com",
                "view": []
              }
            ],
            "creation_time": 1759223716037,
            "dataset_id": "bq_demo_dataset_1",
            "default_collation": "",
            "default_encryption_configuration": [],
            "default_partition_expiration_ms": 0,
            "default_table_expiration_ms": 0,
            "delete_contents_on_destroy": true,
            "description": "This is a demo dataset for BigQuery",
            "effective_labels": {
              "created_by": "terraform",
              "environment": "dev",
              "goog-terraform-provisioned": "true",
              "owner": "data-engineering-team"
            },
            "etag": "BAIvvlFt6wFS+hNmdQALWQ==",
            "external_catalog_dataset_options": [],
            "external_dataset_reference": [],
            "friendly_name": "BigQuery Demo Dataset",
            "id": "projects/myorg-cloudai-gcp1722/datasets/bq_demo_dataset_1",
            "is_case_insensitive": false,
            "labels": {
              "created_by": "terraform",
              "environment": "dev",
              "owner": "data-engineering-team"
            },
            "last_modified_time": 1759225415410,
            "location": "europe-west1",
            "max_time_travel_hours": "48",
            "project": "myorg-cloudai-gcp1722",
            "resource_tags": {},
            "self_link": "https://bigquery.googleapis.com/bigquery/v2/projects/myorg-cloudai-gcp1722/datasets/bq_demo_dataset_1",
            "storage_billing_model": "PHYSICAL",
            "terraform_labels": {
              "created_by": "terraform",
              "environment": "dev",
              "goog-terraform-provisioned": "true",
              "owner": "data-engineering-team"
            },
            "timeouts": null
          },
          "sensitive_attributes": [],
          "private": "eyJlMmJmYjczMC1lY2FhLTExZTYtOGY4OC0zNDM2M2JjN2M0YzAiOnsiY3JlYXRlIjoxMjAwMDAwMDAwMDAwLCJkZWxldGUiOjEyMDAwMDAwMDAwMDAsInVwZGF0ZSI6MTIwMDAwMDAwMDAwMH19",
          "dependencies": [
            "google_service_account.bqowner"
          ]
        }
      ]
    },
    {
      "mode": "managed",
      "type": "google_bigquery_dataset_iam_member",
      "name": "terraform_sa_dataset_owner",
      "provider": "provider[\"registry.terraform.io/hashicorp/google\"]",
      "instances": [
        {
          "schema_version": 0,
          "attributes": {
            "condition": [],
            "dataset_id": "bq_demo_dataset_1",
            "etag": "",
            "id": "projects/myorg-cloudai-gcp1722/datasets/bq_demo_dataset_1/roles/bigquery.dataOwner/user:kf.dataengineer@gmail.com",
            "member": "user:kf.dataengineer@gmail.com",
            "project": "myorg-cloudai-gcp1722",
            "role": "roles/bigquery.dataOwner"
          },
          "sensitive_attributes": [],
          "private": "bnVsbA==",
          "dependencies": [
            "google_bigquery_dataset.demo_dataset",
            "google_service_account.bqowner"
          ]
        }
      ]
    },
    {
      "mode": "managed",
      "type": "google_bigquery_table",
      "name": "demo_table",
      "provider": "provider[\"registry.terraform.io/hashicorp/google\"]",
      "instances": [
        {
          "schema_version": 0,
          "attributes": {
            "biglake_configuration": [],
            "clustering": [
              "user_id",
              "is_active",
              "age"
            ],
            "creation_time": 1759223725480,
            "dataset_id": "bq_demo_dataset_1",
            "deletion_protection": false,
            "description": "Demo table for BigQuery",
            "effective_labels": {
              "environment": "dev",
              "goog-terraform-provisioned": "true"
            },
            "encryption_configuration": [],
            "etag": "tqTv8UzZjXscMAn81xO23Q==",
            "expiration_time": 0,
            "external_catalog_table_options": [],
            "external_data_configuration": [],
            "friendly_name": "BigQuery Demo Table",
            "generated_schema_columns": "",
            "id": "projects/myorg-cloudai-gcp1722/datasets/bq_demo_dataset_1/tables/bq_demo_table",
            "ignore_auto_generated_schema": false,
            "ignore_schema_changes": null,
            "labels": {
              "environment": "dev"
            },
            "last_modified_time": 1759223834909,
            "location": "europe-west1",
            "materialized_view": [],
            "max_staleness": "",
            "num_bytes": 3719,
            "num_long_term_bytes": 0,
            "num_rows": 10,
            "project": "myorg-cloudai-gcp1722",
            "range_partitioning": [],
            "require_partition_filter": false,
            "resource_tags": {},
            "schema": "[{\"description\":\"Unique identifier for the record\",\"mode\":\"REQUIRED\",\"name\":\"id\",\"type\":\"STRING\"},{\"description\":\"Timestamp when the record was created\",\"mode\":\"REQUIRED\",\"name\":\"created_at\",\"type\":\"TIMESTAMP\"},{\"description\":\"Timestamp when the record was last updated\",\"mode\":\"NULLABLE\",\"name\":\"updated_at\",\"type\":\"TIMESTAMP\"},{\"description\":\"User identifier\",\"mode\":\"REQUIRED\",\"name\":\"user_id\",\"type\":\"STRING\"},{\"description\":\"Display name of the user\",\"mode\":\"NULLABLE\",\"name\":\"user_name\",\"type\":\"STRING\"},{\"description\":\"User email address\",\"mode\":\"NULLABLE\",\"name\":\"email\",\"type\":\"STRING\"},{\"description\":\"User age in years\",\"mode\":\"NULLABLE\",\"name\":\"age\",\"type\":\"INTEGER\"},{\"description\":\"Whether the user is currently active\",\"mode\":\"REQUIRED\",\"name\":\"is_active\",\"type\":\"BOOLEAN\"},{\"description\":\"Current account balance with precision\",\"mode\":\"NULLABLE\",\"name\":\"account_balance\",\"type\":\"NUMERIC\"},{\"description\":\"Date of last login (without time)\",\"mode\":\"NULLABLE\",\"name\":\"last_login_date\",\"type\":\"DATE\"},{\"description\":\"Registration date and time (without timezone)\",\"mode\":\"NULLABLE\",\"name\":\"registration_datetime\",\"type\":\"DATETIME\"},{\"description\":\"Array of user preferences\",\"mode\":\"REPEATED\",\"name\":\"preferences\",\"type\":\"STRING\"},{\"description\":\"Nested user profile information\",\"fields\":[{\"description\":\"User's first name\",\"mode\":\"NULLABLE\",\"name\":\"first_name\",\"type\":\"STRING\"},{\"description\":\"User's last name\",\"mode\":\"NULLABLE\",\"name\":\"last_name\",\"type\":\"STRING\"},{\"description\":\"Phone number\",\"mode\":\"NULLABLE\",\"name\":\"phone\",\"type\":\"STRING\"},{\"description\":\"User address information\",\"fields\":[{\"description\":\"Street address\",\"mode\":\"NULLABLE\",\"name\":\"street\",\"type\":\"STRING\"},{\"description\":\"City name\",\"mode\":\"NULLABLE\",\"name\":\"city\",\"type\":\"STRING\"},{\"description\":\"State or province\",\"mode\":\"NULLABLE\",\"name\":\"state\",\"type\":\"STRING\"},{\"description\":\"Postal code\",\"mode\":\"NULLABLE\",\"name\":\"zip_code\",\"type\":\"STRING\"},{\"description\":\"Country name\",\"mode\":\"NULLABLE\",\"name\":\"country\",\"type\":\"STRING\"}],\"mode\":\"NULLABLE\",\"name\":\"address\",\"type\":\"RECORD\"}],\"mode\":\"NULLABLE\",\"name\":\"profile\",\"type\":\"RECORD\"},{\"description\":\"Array of user orders\",\"fields\":[{\"description\":\"Unique order identifier\",\"mode\":\"REQUIRED\",\"name\":\"order_id\",\"type\":\"STRING\"},{\"description\":\"Date when order was placed\",\"mode\":\"REQUIRED\",\"name\":\"order_date\",\"type\":\"DATE\"},{\"description\":\"Total order amount\",\"mode\":\"REQUIRED\",\"name\":\"total_amount\",\"type\":\"NUMERIC\"},{\"description\":\"Currency code (e.g., USD, EUR)\",\"mode\":\"REQUIRED\",\"name\":\"currency\",\"type\":\"STRING\"},{\"description\":\"Order status (pending, completed, cancelled)\",\"mode\":\"REQUIRED\",\"name\":\"status\",\"type\":\"STRING\"},{\"description\":\"Items in the order\",\"fields\":[{\"description\":\"Product identifier\",\"mode\":\"REQUIRED\",\"name\":\"product_id\",\"type\":\"STRING\"},{\"description\":\"Product name\",\"mode\":\"REQUIRED\",\"name\":\"product_name\",\"type\":\"STRING\"},{\"description\":\"Quantity ordered\",\"mode\":\"REQUIRED\",\"name\":\"quantity\",\"type\":\"INTEGER\"},{\"description\":\"Price per unit\",\"mode\":\"REQUIRED\",\"name\":\"unit_price\",\"type\":\"NUMERIC\"},{\"description\":\"Discount percentage applied\",\"mode\":\"NULLABLE\",\"name\":\"discount\",\"type\":\"FLOAT\"}],\"mode\":\"REPEATED\",\"name\":\"items\",\"type\":\"RECORD\"}],\"mode\":\"REPEATED\",\"name\":\"orders\",\"type\":\"RECORD\"},{\"description\":\"Tags associated with the user\",\"mode\":\"REPEATED\",\"name\":\"tags\",\"type\":\"STRING\"},{\"description\":\"Additional metadata stored as JSON\",\"mode\":\"NULLABLE\",\"name\":\"metadata\",\"type\":\"JSON\"},{\"description\":\"User score or rating\",\"mode\":\"NULLABLE\",\"name\":\"score\",\"type\":\"FLOAT\"},{\"description\":\"Large numeric value with high precision\",\"mode\":\"NULLABLE\",\"name\":\"large_number\",\"type\":\"BIGNUMERIC\"},{\"description\":\"Binary data stored as bytes\",\"mode\":\"NULLABLE\",\"name\":\"raw_data\",\"type\":\"BYTES\"},{\"description\":\"Geographic location data\",\"mode\":\"NULLABLE\",\"name\":\"geographic_location\",\"type\":\"GEOGRAPHY\"}]",
            "schema_foreign_type_info": [],
            "self_link": "https://bigquery.googleapis.com/bigquery/v2/projects/myorg-cloudai-gcp1722/datasets/bq_demo_dataset_1/tables/bq_demo_table",
            "table_constraints": [],
            "table_id": "bq_demo_table",
            "table_metadata_view": null,
            "table_replication_info": [],
            "terraform_labels": {
              "environment": "dev",
              "goog-terraform-provisioned": "true"
            },
            "time_partitioning": [
              {
                "expiration_ms": 0,
                "field": "created_at",
                "require_partition_filter": false,
                "type": "DAY"
              }
            ],
            "type": "TABLE",
            "view": []
          },
          "sensitive_attributes": [],
          "private": "bnVsbA==",
          "dependencies": [
            "google_bigquery_dataset.demo_dataset",
            "google_bigquery_dataset_iam_member.terraform_sa_dataset_owner",
            "google_service_account.bqowner"
          ]
        }
      ]
    },
    {
      "mode": "managed",
      "type": "google_bigquery_table",
      "name": "demo_view",
      "provider": "provider[\"registry.terraform.io/hashicorp/google\"]",
      "instances": [
        {
          "schema_version": 0,
          "attributes": {
            "biglake_configuration": [],
            "clustering": null,
            "creation_time": 1759223727172,
            "dataset_id": "bq_demo_dataset_1",
            "deletion_protection": false,
            "description": "Demo view for BigQuery",
            "effective_labels": {
              "environment": "dev",
              "goog-terraform-provisioned": "true"
            },
            "encryption_configuration": [],
            "etag": "OMNxyHpau0zgc5pUb3ZaSA==",
            "expiration_time": 0,
            "external_catalog_table_options": [],
            "external_data_configuration": [],
            "friendly_name": "BigQuery Demo View",
            "generated_schema_columns": "",
            "id": "projects/myorg-cloudai-gcp1722/datasets/bq_demo_dataset_1/tables/bq_demo_view",
            "ignore_auto_generated_schema": false,
            "ignore_schema_changes": null,
            "labels": {
              "environment": "dev"
            },
            "last_modified_time": 1759223727634,
            "location": "europe-west1",
            "materialized_view": [],
            "max_staleness": "",
            "num_bytes": 0,
            "num_long_term_bytes": 0,
            "num_rows": 0,
            "project": "myorg-cloudai-gcp1722",
            "range_partitioning": [],
            "require_partition_filter": false,
            "resource_tags": {},
            "schema": "[{\"mode\":\"NULLABLE\",\"name\":\"id\",\"type\":\"STRING\"},{\"mode\":\"NULLABLE\",\"name\":\"created_at\",\"type\":\"TIMESTAMP\"},{\"mode\":\"NULLABLE\",\"name\":\"updated_at\",\"type\":\"TIMESTAMP\"},{\"mode\":\"NULLABLE\",\"name\":\"user_id\",\"type\":\"STRING\"},{\"mode\":\"NULLABLE\",\"name\":\"user_name\",\"type\":\"STRING\"},{\"mode\":\"NULLABLE\",\"name\":\"email\",\"type\":\"STRING\"},{\"mode\":\"NULLABLE\",\"name\":\"age\",\"type\":\"INTEGER\"},{\"mode\":\"NULLABLE\",\"name\":\"is_active\",\"type\":\"BOOLEAN\"},{\"mode\":\"NULLABLE\",\"name\":\"account_balance\",\"type\":\"NUMERIC\"},{\"mode\":\"NULLABLE\",\"name\":\"last_login_date\",\"type\":\"DATE\"},{\"mode\":\"NULLABLE\",\"name\":\"registration_datetime\",\"type\":\"DATETIME\"},{\"mode\":\"REPEATED\",\"name\":\"preferences\",\"type\":\"STRING\"},{\"fields\":[{\"mode\":\"NULLABLE\",\"name\":\"first_name\",\"type\":\"STRING\"},{\"mode\":\"NULLABLE\",\"name\":\"last_name\",\"type\":\"STRING\"},{\"mode\":\"NULLABLE\",\"name\":\"phone\",\"type\":\"STRING\"},{\"fields\":[{\"mode\":\"NULLABLE\",\"name\":\"street\",\"type\":\"STRING\"},{\"mode\":\"NULLABLE\",\"name\":\"city\",\"type\":\"STRING\"},{\"mode\":\"NULLABLE\",\"name\":\"state\",\"type\":\"STRING\"},{\"mode\":\"NULLABLE\",\"name\":\"zip_code\",\"type\":\"STRING\"},{\"mode\":\"NULLABLE\",\"name\":\"country\",\"type\":\"STRING\"}],\"mode\":\"NULLABLE\",\"name\":\"address\",\"type\":\"RECORD\"}],\"mode\":\"NULLABLE\",\"name\":\"profile\",\"type\":\"RECORD\"},{\"fields\":[{\"mode\":\"NULLABLE\",\"name\":\"order_id\",\"type\":\"STRING\"},{\"mode\":\"NULLABLE\",\"name\":\"order_date\",\"type\":\"DATE\"},{\"mode\":\"NULLABLE\",\"name\":\"total_amount\",\"type\":\"NUMERIC\"},{\"mode\":\"NULLABLE\",\"name\":\"currency\",\"type\":\"STRING\"},{\"mode\":\"NULLABLE\",\"name\":\"status\",\"type\":\"STRING\"},{\"fields\":[{\"mode\":\"NULLABLE\",\"name\":\"product_id\",\"type\":\"STRING\"},{\"mode\":\"NULLABLE\",\"name\":\"product_name\",\"type\":\"STRING\"},{\"mode\":\"NULLABLE\",\"name\":\"quantity\",\"type\":\"INTEGER\"},{\"mode\":\"NULLABLE\",\"name\":\"unit_price\",\"type\":\"NUMERIC\"},{\"mode\":\"NULLABLE\",\"name\":\"discount\",\"type\":\"FLOAT\"}],\"mode\":\"REPEATED\",\"name\":\"items\",\"type\":\"RECORD\"}],\"mode\":\"REPEATED\",\"name\":\"orders\",\"type\":\"RECORD\"},{\"mode\":\"REPEATED\",\"name\":\"tags\",\"type\":\"STRING\"},{\"mode\":\"NULLABLE\",\"name\":\"metadata\",\"type\":\"JSON\"},{\"mode\":\"NULLABLE\",\"name\":\"score\",\"type\":\"FLOAT\"},{\"mode\":\"NULLABLE\",\"name\":\"large_number\",\"type\":\"BIGNUMERIC\"},{\"mode\":\"NULLABLE\",\"name\":\"raw_data\",\"type\":\"BYTES\"},{\"mode\":\"NULLABLE\",\"name\":\"geographic_location\",\"type\":\"GEOGRAPHY\"}]",
            "schema_foreign_type_info": [],
            "self_link": "https://bigquery.googleapis.com/bigquery/v2/projects/myorg-cloudai-gcp1722/datasets/bq_demo_dataset_1/tables/bq_demo_view",
            "table_constraints": [],
            "table_id": "bq_demo_view",
            "table_metadata_view": null,
            "table_replication_info": [],
            "terraform_labels": {
              "environment": "dev",
              "goog-terraform-provisioned": "true"
            },
            "time_partitioning": [],
            "type": "VIEW",
            "view": [
              {
                "query": "select * from `myorg-cloudai-gcp1722.bq_demo_dataset_1.bq_demo_table`;",
                "use_legacy_sql": false
              }
            ]
          },
          "sensitive_attributes": [],
          "private": "bnVsbA==",
          "dependencies": [
            "google_bigquery_dataset.demo_dataset",
            "google_bigquery_dataset_iam_member.terraform_sa_dataset_owner",
            "google_bigquery_table.demo_table",
            "google_service_account.bqowner"
          ]
        }
      ]
    },
    {
      "mode": "managed",
      "type": "google_project_iam_member",
      "name": "bq_admin",
      "provider": "provider[\"registry.terraform.io/hashicorp/google\"]",
      "instances": [
        {
          "schema_version": 0,
          "attributes": {
            "condition": [],
            "etag": "BwZAAZY5XTE=",
            "id": "myorg-cloudai-gcp1722/roles/bigquery.admin/serviceAccount:bq-terraform-owner@myorg-cloudai-gcp1722.iam.gserviceaccount.com",
            "member": "serviceAccount:bq-terraform-owner@myorg-cloudai-gcp1722.iam.gserviceaccount.com",
            "project": "myorg-cloudai-gcp1722",
            "role": "roles/bigquery.admin"
          },
          "sensitive_attributes": [],
          "private": "bnVsbA==",
          "dependencies": [
            "google_service_account.bqowner"
          ]
        }
      ]
    },
    {
      "mode": "managed",
      "type": "google_project_iam_member",
      "name": "user_role",
      "provider": "provider[\"registry.terraform.io/hashicorp/google\"]",
      "instances": [
        {
          "schema_version": 0,
          "attributes": {
            "condition": [],
            "etag": "BwZAAZY5XTE=",
            "id": "myorg-cloudai-gcp1722/roles/bigquery.admin/user:cloudaianalytics@gmail.com",
            "member": "user:cloudaianalytics@gmail.com",
            "project": "myorg-cloudai-gcp1722",
            "role": "roles/bigquery.admin"
          },
          "sensitive_attributes": [],
          "private": "bnVsbA=="
        }
      ]
    },
    {
      "mode": "managed",
      "type": "google_service_account",
      "name": "bqowner",
      "provider": "provider[\"registry.terraform.io/hashicorp/google\"]",
      "instances": [
        {
          "schema_version": 0,
          "attributes": {
            "account_id": "bq-terraform-owner",
            "create_ignore_already_exists": null,
            "description": "",
            "disabled": false,
            "display_name": "BigQuery Owner Service Account",
            "email": "bq-terraform-owner@myorg-cloudai-gcp1722.iam.gserviceaccount.com",
            "id": "projects/myorg-cloudai-gcp1722/serviceAccounts/bq-terraform-owner@myorg-cloudai-gcp1722.iam.gserviceaccount.com",
            "member": "serviceAccount:bq-terraform-owner@myorg-cloudai-gcp1722.iam.gserviceaccount.com",
            "name": "projects/myorg-cloudai-gcp1722/serviceAccounts/bq-terraform-owner@myorg-cloudai-gcp1722.iam.gserviceaccount.com",
            "project": "myorg-cloudai-gcp1722",
            "timeouts": null,
            "unique_id": "115734219929000649378"
          },
          "sensitive_attributes": [],
          "private": "eyJlMmJmYjczMC1lY2FhLTExZTYtOGY4OC0zNDM2M2JjN2M0YzAiOnsiY3JlYXRlIjozMDAwMDAwMDAwMDB9fQ=="
        }
      ]
    }
  ],
  "check_results": null
}
