{
  "version": 4,
  "terraform_version": "1.5.7",
  "serial": 14,
  "lineage": "25cf6fb7-5bd7-7374-829b-c41545a0143b",
  "outputs": {},
  "resources": [
    {
      "mode": "managed",
      "type": "google_bigquery_dataset",
      "name": "demo_dataset",
      "provider": "provider[\"registry.terraform.io/hashicorp/google\"]",
      "instances": [
        {
          "schema_version": 0,
          "attributes": {
            "access": [
              {
                "condition": [],
                "dataset": [],
                "domain": "",
                "group_by_email": "",
                "iam_member": "",
                "role": "OWNER",
                "routine": [],
                "special_group": "",
                "user_by_email": "bq-terraform-owner@myorg-cloudai-gcp1722.iam.gserviceaccount.com",
                "view": []
              }
            ],
            "creation_time": 1759313132748,
            "dataset_id": "bq_demo_dataset_1",
            "default_collation": "",
            "default_encryption_configuration": [],
            "default_partition_expiration_ms": 0,
            "default_table_expiration_ms": 0,
            "delete_contents_on_destroy": true,
            "description": "This is a demo dataset for BigQuery",
            "effective_labels": {
              "created_by": "terraform",
              "environment": "dev",
              "goog-terraform-provisioned": "true",
              "owner": "data-engineering-team"
            },
            "etag": "LO9m/h2NG1OZKJckwmT+vA==",
            "external_catalog_dataset_options": [],
            "external_dataset_reference": [],
            "friendly_name": "BigQuery Demo Dataset",
            "id": "projects/myorg-cloudai-gcp1722/datasets/bq_demo_dataset_1",
            "is_case_insensitive": false,
            "labels": {
              "created_by": "terraform",
              "environment": "dev",
              "owner": "data-engineering-team"
            },
            "last_modified_time": 1759314694312,
            "location": "europe-west1",
            "max_time_travel_hours": "48",
            "project": "myorg-cloudai-gcp1722",
            "resource_tags": {},
            "self_link": "https://bigquery.googleapis.com/bigquery/v2/projects/myorg-cloudai-gcp1722/datasets/bq_demo_dataset_1",
            "storage_billing_model": "PHYSICAL",
            "terraform_labels": {
              "created_by": "terraform",
              "environment": "dev",
              "goog-terraform-provisioned": "true",
              "owner": "data-engineering-team"
            },
            "timeouts": null
          },
          "sensitive_attributes": [],
          "private": "eyJlMmJmYjczMC1lY2FhLTExZTYtOGY4OC0zNDM2M2JjN2M0YzAiOnsiY3JlYXRlIjoxMjAwMDAwMDAwMDAwLCJkZWxldGUiOjEyMDAwMDAwMDAwMDAsInVwZGF0ZSI6MTIwMDAwMDAwMDAwMH19",
          "dependencies": [
            "google_service_account.bqowner"
          ]
        }
      ]
    },
    {
      "mode": "managed",
      "type": "google_bigquery_dataset_iam_member",
      "name": "terraform_sa_dataset_owner",
      "provider": "provider[\"registry.terraform.io/hashicorp/google\"]",
      "instances": [
        {
          "schema_version": 0,
          "attributes": {
            "condition": [],
            "dataset_id": "bq_demo_dataset_1",
            "etag": "",
            "id": "projects/myorg-cloudai-gcp1722/datasets/bq_demo_dataset_1/roles/bigquery.dataOwner/user:kf.dataengineer@gmail.com",
            "member": "user:kf.dataengineer@gmail.com",
            "project": "myorg-cloudai-gcp1722",
            "role": "roles/bigquery.dataOwner"
          },
          "sensitive_attributes": [],
          "private": "bnVsbA==",
          "dependencies": [
            "google_bigquery_dataset.demo_dataset"
          ]
        }
      ]
    },
    {
      "mode": "managed",
      "type": "google_bigquery_routine",
      "name": "demo_procedure",
      "provider": "provider[\"registry.terraform.io/hashicorp/google\"]",
      "instances": [
        {
          "schema_version": 0,
          "attributes": {
            "arguments": [],
            "creation_time": 1759314696085,
            "data_governance_type": "",
            "dataset_id": "bq_demo_dataset_1",
            "definition_body": "SELECT \n  -- Basic fields\n  id,\n  created_at,\n  updated_at,\n  user_id,\n  user_name,\n  email,\n  age,\n  is_active,\n  account_balance,\n  last_login_date,\n  registration_datetime,\n  \n  -- Profile fields (RECORD - direct access)\n  profile.first_name,\n  profile.last_name,\n  profile.phone,\n  profile.address.street,\n  profile.address.city,\n  profile.address.state,\n  profile.address.zip_code,\n  profile.address.country,\n  \n  -- Order fields (from UNNEST)\n  order_data.order_id,\n  order_data.order_date,\n  order_data.total_amount,\n  order_data.currency,\n  order_data.status,\n  \n  -- Order item fields (from nested UNNEST)\n  order_item.product_id,\n  order_item.product_name,\n  order_item.quantity,\n  order_item.unit_price,\n  order_item.discount,\n  \n  -- Array fields (kept as arrays)\n  preferences,\n  tags,\n  \n  -- Other fields\n  metadata,\n  score,\n  large_number,\n  raw_data,\n  geographic_location\n\nFROM `myorg-cloudai-gcp1722.bq_demo_dataset_1.bq_demo_table`\nLEFT JOIN UNNEST(orders) AS order_data\nLEFT JOIN UNNEST(order_data.items) AS order_item;",
            "description": "",
            "determinism_level": "",
            "id": "projects/myorg-cloudai-gcp1722/datasets/bq_demo_dataset_1/routines/demo_routine_id",
            "imported_libraries": [],
            "language": "SQL",
            "last_modified_time": 1759314696085,
            "project": "myorg-cloudai-gcp1722",
            "remote_function_options": [],
            "return_table_type": "",
            "return_type": "",
            "routine_id": "demo_routine_id",
            "routine_type": "PROCEDURE",
            "security_mode": "INVOKER",
            "spark_options": [],
            "timeouts": null
          },
          "sensitive_attributes": [],
          "private": "eyJlMmJmYjczMC1lY2FhLTExZTYtOGY4OC0zNDM2M2JjN2M0YzAiOnsiY3JlYXRlIjoxMjAwMDAwMDAwMDAwLCJkZWxldGUiOjEyMDAwMDAwMDAwMDAsInVwZGF0ZSI6MTIwMDAwMDAwMDAwMH19",
          "dependencies": [
            "google_bigquery_dataset.demo_dataset",
            "google_bigquery_dataset_iam_member.terraform_sa_dataset_owner",
            "google_bigquery_table.demo_table",
            "google_service_account.bqowner"
          ]
        }
      ]
    },
    {
      "mode": "managed",
      "type": "google_bigquery_table",
      "name": "demo_table",
      "provider": "provider[\"registry.terraform.io/hashicorp/google\"]",
      "instances": [
        {
          "schema_version": 0,
          "attributes": {
            "biglake_configuration": [],
            "clustering": [
              "user_id",
              "is_active",
              "age"
            ],
            "creation_time": 1759313141405,
            "dataset_id": "bq_demo_dataset_1",
            "deletion_protection": false,
            "description": "Demo table for BigQuery",
            "effective_labels": {
              "environment": "dev",
              "goog-terraform-provisioned": "true"
            },
            "encryption_configuration": [],
            "etag": "FeQ/rPcPa0dpP0Ysjg1SeA==",
            "expiration_time": 0,
            "external_catalog_table_options": [],
            "external_data_configuration": [],
            "friendly_name": "BigQuery Demo Table",
            "generated_schema_columns": "",
            "id": "projects/myorg-cloudai-gcp1722/datasets/bq_demo_dataset_1/tables/bq_demo_table",
            "ignore_auto_generated_schema": false,
            "ignore_schema_changes": null,
            "labels": {
              "environment": "dev"
            },
            "last_modified_time": 1759313242027,
            "location": "europe-west1",
            "materialized_view": [],
            "max_staleness": "",
            "num_bytes": 3719,
            "num_long_term_bytes": 0,
            "num_rows": 10,
            "project": "myorg-cloudai-gcp1722",
            "range_partitioning": [],
            "require_partition_filter": false,
            "resource_tags": {},
            "schema": "[{\"description\":\"Unique identifier for the record\",\"mode\":\"REQUIRED\",\"name\":\"id\",\"type\":\"STRING\"},{\"description\":\"Timestamp when the record was created\",\"mode\":\"REQUIRED\",\"name\":\"created_at\",\"type\":\"TIMESTAMP\"},{\"description\":\"Timestamp when the record was last updated\",\"mode\":\"NULLABLE\",\"name\":\"updated_at\",\"type\":\"TIMESTAMP\"},{\"description\":\"User identifier\",\"mode\":\"REQUIRED\",\"name\":\"user_id\",\"type\":\"STRING\"},{\"description\":\"Display name of the user\",\"mode\":\"NULLABLE\",\"name\":\"user_name\",\"type\":\"STRING\"},{\"description\":\"User email address\",\"mode\":\"NULLABLE\",\"name\":\"email\",\"type\":\"STRING\"},{\"description\":\"User age in years\",\"mode\":\"NULLABLE\",\"name\":\"age\",\"type\":\"INTEGER\"},{\"description\":\"Whether the user is currently active\",\"mode\":\"REQUIRED\",\"name\":\"is_active\",\"type\":\"BOOLEAN\"},{\"description\":\"Current account balance with precision\",\"mode\":\"NULLABLE\",\"name\":\"account_balance\",\"type\":\"NUMERIC\"},{\"description\":\"Date of last login (without time)\",\"mode\":\"NULLABLE\",\"name\":\"last_login_date\",\"type\":\"DATE\"},{\"description\":\"Registration date and time (without timezone)\",\"mode\":\"NULLABLE\",\"name\":\"registration_datetime\",\"type\":\"DATETIME\"},{\"description\":\"Array of user preferences\",\"mode\":\"REPEATED\",\"name\":\"preferences\",\"type\":\"STRING\"},{\"description\":\"Nested user profile information\",\"fields\":[{\"description\":\"User's first name\",\"mode\":\"NULLABLE\",\"name\":\"first_name\",\"type\":\"STRING\"},{\"description\":\"User's last name\",\"mode\":\"NULLABLE\",\"name\":\"last_name\",\"type\":\"STRING\"},{\"description\":\"Phone number\",\"mode\":\"NULLABLE\",\"name\":\"phone\",\"type\":\"STRING\"},{\"description\":\"User address information\",\"fields\":[{\"description\":\"Street address\",\"mode\":\"NULLABLE\",\"name\":\"street\",\"type\":\"STRING\"},{\"description\":\"City name\",\"mode\":\"NULLABLE\",\"name\":\"city\",\"type\":\"STRING\"},{\"description\":\"State or province\",\"mode\":\"NULLABLE\",\"name\":\"state\",\"type\":\"STRING\"},{\"description\":\"Postal code\",\"mode\":\"NULLABLE\",\"name\":\"zip_code\",\"type\":\"STRING\"},{\"description\":\"Country name\",\"mode\":\"NULLABLE\",\"name\":\"country\",\"type\":\"STRING\"}],\"mode\":\"NULLABLE\",\"name\":\"address\",\"type\":\"RECORD\"}],\"mode\":\"NULLABLE\",\"name\":\"profile\",\"type\":\"RECORD\"},{\"description\":\"Array of user orders\",\"fields\":[{\"description\":\"Unique order identifier\",\"mode\":\"REQUIRED\",\"name\":\"order_id\",\"type\":\"STRING\"},{\"description\":\"Date when order was placed\",\"mode\":\"REQUIRED\",\"name\":\"order_date\",\"type\":\"DATE\"},{\"description\":\"Total order amount\",\"mode\":\"REQUIRED\",\"name\":\"total_amount\",\"type\":\"NUMERIC\"},{\"description\":\"Currency code (e.g., USD, EUR)\",\"mode\":\"REQUIRED\",\"name\":\"currency\",\"type\":\"STRING\"},{\"description\":\"Order status (pending, completed, cancelled)\",\"mode\":\"REQUIRED\",\"name\":\"status\",\"type\":\"STRING\"},{\"description\":\"Items in the order\",\"fields\":[{\"description\":\"Product identifier\",\"mode\":\"REQUIRED\",\"name\":\"product_id\",\"type\":\"STRING\"},{\"description\":\"Product name\",\"mode\":\"REQUIRED\",\"name\":\"product_name\",\"type\":\"STRING\"},{\"description\":\"Quantity ordered\",\"mode\":\"REQUIRED\",\"name\":\"quantity\",\"type\":\"INTEGER\"},{\"description\":\"Price per unit\",\"mode\":\"REQUIRED\",\"name\":\"unit_price\",\"type\":\"NUMERIC\"},{\"description\":\"Discount percentage applied\",\"mode\":\"NULLABLE\",\"name\":\"discount\",\"type\":\"FLOAT\"}],\"mode\":\"REPEATED\",\"name\":\"items\",\"type\":\"RECORD\"}],\"mode\":\"REPEATED\",\"name\":\"orders\",\"type\":\"RECORD\"},{\"description\":\"Tags associated with the user\",\"mode\":\"REPEATED\",\"name\":\"tags\",\"type\":\"STRING\"},{\"description\":\"Additional metadata stored as JSON\",\"mode\":\"NULLABLE\",\"name\":\"metadata\",\"type\":\"JSON\"},{\"description\":\"User score or rating\",\"mode\":\"NULLABLE\",\"name\":\"score\",\"type\":\"FLOAT\"},{\"description\":\"Large numeric value with high precision\",\"mode\":\"NULLABLE\",\"name\":\"large_number\",\"type\":\"BIGNUMERIC\"},{\"description\":\"Binary data stored as bytes\",\"mode\":\"NULLABLE\",\"name\":\"raw_data\",\"type\":\"BYTES\"},{\"description\":\"Geographic location data\",\"mode\":\"NULLABLE\",\"name\":\"geographic_location\",\"type\":\"GEOGRAPHY\"}]",
            "schema_foreign_type_info": [],
            "self_link": "https://bigquery.googleapis.com/bigquery/v2/projects/myorg-cloudai-gcp1722/datasets/bq_demo_dataset_1/tables/bq_demo_table",
            "table_constraints": [],
            "table_id": "bq_demo_table",
            "table_metadata_view": null,
            "table_replication_info": [],
            "terraform_labels": {
              "environment": "dev",
              "goog-terraform-provisioned": "true"
            },
            "time_partitioning": [
              {
                "expiration_ms": 0,
                "field": "created_at",
                "require_partition_filter": false,
                "type": "DAY"
              }
            ],
            "type": "TABLE",
            "view": []
          },
          "sensitive_attributes": [],
          "private": "bnVsbA==",
          "dependencies": [
            "google_bigquery_dataset.demo_dataset",
            "google_bigquery_dataset_iam_member.terraform_sa_dataset_owner",
            "google_service_account.bqowner"
          ]
        }
      ]
    },
    {
      "mode": "managed",
      "type": "google_project_iam_member",
      "name": "bq_admin",
      "provider": "provider[\"registry.terraform.io/hashicorp/google\"]",
      "instances": [
        {
          "schema_version": 0,
          "attributes": {
            "condition": [],
            "etag": "BwZAFgKSGjw=",
            "id": "myorg-cloudai-gcp1722/roles/bigquery.admin/serviceAccount:bq-terraform-owner@myorg-cloudai-gcp1722.iam.gserviceaccount.com",
            "member": "serviceAccount:bq-terraform-owner@myorg-cloudai-gcp1722.iam.gserviceaccount.com",
            "project": "myorg-cloudai-gcp1722",
            "role": "roles/bigquery.admin"
          },
          "sensitive_attributes": [],
          "private": "bnVsbA==",
          "dependencies": [
            "google_service_account.bqowner"
          ]
        }
      ]
    },
    {
      "mode": "managed",
      "type": "google_project_iam_member",
      "name": "user_role",
      "provider": "provider[\"registry.terraform.io/hashicorp/google\"]",
      "instances": [
        {
          "schema_version": 0,
          "attributes": {
            "condition": [],
            "etag": "BwZAFgKSGjw=",
            "id": "myorg-cloudai-gcp1722/roles/bigquery.admin/user:cloudaianalytics@gmail.com",
            "member": "user:cloudaianalytics@gmail.com",
            "project": "myorg-cloudai-gcp1722",
            "role": "roles/bigquery.admin"
          },
          "sensitive_attributes": [],
          "private": "bnVsbA=="
        }
      ]
    },
    {
      "mode": "managed",
      "type": "google_service_account",
      "name": "bqowner",
      "provider": "provider[\"registry.terraform.io/hashicorp/google\"]",
      "instances": [
        {
          "schema_version": 0,
          "attributes": {
            "account_id": "bq-terraform-owner",
            "create_ignore_already_exists": null,
            "description": "",
            "disabled": false,
            "display_name": "BigQuery Owner Service Account",
            "email": "bq-terraform-owner@myorg-cloudai-gcp1722.iam.gserviceaccount.com",
            "id": "projects/myorg-cloudai-gcp1722/serviceAccounts/bq-terraform-owner@myorg-cloudai-gcp1722.iam.gserviceaccount.com",
            "member": "serviceAccount:bq-terraform-owner@myorg-cloudai-gcp1722.iam.gserviceaccount.com",
            "name": "projects/myorg-cloudai-gcp1722/serviceAccounts/bq-terraform-owner@myorg-cloudai-gcp1722.iam.gserviceaccount.com",
            "project": "myorg-cloudai-gcp1722",
            "timeouts": null,
            "unique_id": "109476122783819647738"
          },
          "sensitive_attributes": [],
          "private": "eyJlMmJmYjczMC1lY2FhLTExZTYtOGY4OC0zNDM2M2JjN2M0YzAiOnsiY3JlYXRlIjozMDAwMDAwMDAwMDB9fQ=="
        }
      ]
    }
  ],
  "check_results": null
}
